
Microsoft Visual Studio Solution File, Format Version 12.00
# Visual Studio Version 17
VisualStudioVersion = 17.3.32825.248
MinimumVisualStudioVersion = 10.0.40219.1
Project("{FAE04EC0-301F-11D3-BF4B-00C04F79EFBC}") = "kevinTs3.Android", "kevinTs3.Android\kevinTs3.Android.csproj", "{6EC4B629-FAD4-4C16-BDC7-BE208355DFD2}"
EndProject
Project("{FAE04EC0-301F-11D3-BF4B-00C04F79EFBC}") = "kevinTs3.iOS", "kevinTs3.iOS\kevinTs3.iOS.csproj", "{65316042-DA16-4EDF-BF8B-B83C2F5CFF4E}"
EndProject
Project("{FAE04EC0-301F-11D3-BF4B-00C04F79EFBC}") = "kevinTs3", "kevinTs3\kevinTs3.csproj", "{C9B150E6-A5EF-4212-8F57-23DC83DF2026}"
EndProject
Global
	GlobalSection(SolutionConfigurationPlatforms) = preSolution
		Debug|Any CPU = Debug|Any CPU
		Debug|iPhone = Debug|iPhone
		Debug|iPhoneSimulator = Debug|iPhoneSimulator
		Release|Any CPU = Release|Any CPU
		Release|iPhone = Release|iPhone
		Release|iPhoneSimulator = Release|iPhoneSimulator
	EndGlobalSection
	GlobalSection(ProjectConfigurationPlatforms) = postSolution
		{6EC4B629-FAD4-4C16-BDC7-BE208355DFD2}.Debug|Any CPU.ActiveCfg = Debug|Any CPU
		{6EC4B629-FAD4-4C16-BDC7-BE208355DFD2}.Debug|Any CPU.Build.0 = Debug|Any CPU
		{6EC4B629-FAD4-4C16-BDC7-BE208355DFD2}.Debug|Any CPU.Deploy.0 = Debug|Any CPU
		{6EC4B629-FAD4-4C16-BDC7-BE208355DFD2}.Debug|iPhone.ActiveCfg = Debug|Any CPU
		{6EC4B629-FAD4-4C16-BDC7-BE208355DFD2}.Debug|iPhone.Build.0 = Debug|Any CPU
		{6EC4B629-FAD4-4C16-BDC7-BE208355DFD2}.Debug|iPhone.Deploy.0 = Debug|Any CPU
		{6EC4B629-FAD4-4C16-BDC7-BE208355DFD2}.Debug|iPhoneSimulator.ActiveCfg = Debug|Any CPU
		{6EC4B629-FAD4-4C16-BDC7-BE208355DFD2}.Debug|iPhoneSimulator.Build.0 = Debug|Any CPU
		{6EC4B629-FAD4-4C16-BDC7-BE208355DFD2}.Debug|iPhoneSimulator.Deploy.0 = Debug|Any CPU
		{6EC4B629-FAD4-4C16-BDC7-BE208355DFD2}.Release|Any CPU.ActiveCfg = Release|Any CPU
		{6EC4B629-FAD4-4C16-BDC7-BE208355DFD2}.Release|Any CPU.Build.0 = Release|Any CPU
		{6EC4B629-FAD4-4C16-BDC7-BE208355DFD2}.Release|Any CPU.Deploy.0 = Release|Any CPU
		{6EC4B629-FAD4-4C16-BDC7-BE208355DFD2}.Release|iPhone.ActiveCfg = Release|Any CPU
		{6EC4B629-FAD4-4C16-BDC7-BE208355DFD2}.Release|iPhone.Build.0 = Release|Any CPU
		{6EC4B629-FAD4-4C16-BDC7-BE208355DFD2}.Release|iPhone.Deploy.0 = Release|Any CPU
		{6EC4B629-FAD4-4C16-BDC7-BE208355DFD2}.Release|iPhoneSimulator.ActiveCfg = Release|Any CPU
		{6EC4B629-FAD4-4C16-BDC7-BE208355DFD2}.Release|iPhoneSimulator.Build.0 = Release|Any CPU
		{6EC4B629-FAD4-4C16-BDC7-BE208355DFD2}.Release|iPhoneSimulator.Deploy.0 = Release|Any CPU
		{65316042-DA16-4EDF-BF8B-B83C2F5CFF4E}.Debug|Any CPU.ActiveCfg = Debug|iPhone
		{65316042-DA16-4EDF-BF8B-B83C2F5CFF4E}.Debug|Any CPU.Build.0 = Debug|iPhone
		{65316042-DA16-4EDF-BF8B-B83C2F5CFF4E}.Debug|Any CPU.Deploy.0 = Debug|iPhone
		{65316042-DA16-4EDF-BF8B-B83C2F5CFF4E}.Debug|iPhone.ActiveCfg = Debug|iPhone
		{65316042-DA16-4EDF-BF8B-B83C2F5CFF4E}.Debug|iPhone.Build.0 = Debug|iPhone
		{65316042-DA16-4EDF-BF8B-B83C2F5CFF4E}.Debug|iPhone.Deploy.0 = Debug|iPhone
		{65316042-DA16-4EDF-BF8B-B83C2F5CFF4E}.Debug|iPhoneSimulator.ActiveCfg = Debug|iPhoneSimulator
		{65316042-DA16-4EDF-BF8B-B83C2F5CFF4E}.Debug|iPhoneSimulator.Build.0 = Debug|iPhoneSimulator
		{65316042-DA16-4EDF-BF8B-B83C2F5CFF4E}.Debug|iPhoneSimulator.Deploy.0 = Debug|iPhoneSimulator
		{65316042-DA16-4EDF-BF8B-B83C2F5CFF4E}.Release|Any CPU.ActiveCfg = Release|iPhoneSimulator
		{65316042-DA16-4EDF-BF8B-B83C2F5CFF4E}.Release|Any CPU.Build.0 = Release|iPhoneSimulator
		{65316042-DA16-4EDF-BF8B-B83C2F5CFF4E}.Release|Any CPU.Deploy.0 = Release|iPhoneSimulator
		{65316042-DA16-4EDF-BF8B-B83C2F5CFF4E}.Release|iPhone.ActiveCfg = Release|iPhone
		{65316042-DA16-4EDF-BF8B-B83C2F5CFF4E}.Release|iPhone.Build.0 = Release|iPhone
		{65316042-DA16-4EDF-BF8B-B83C2F5CFF4E}.Release|iPhone.Deploy.0 = Release|iPhone
		{65316042-DA16-4EDF-BF8B-B83C2F5CFF4E}.Release|iPhoneSimulator.ActiveCfg = Release|iPhoneSimulator
		{65316042-DA16-4EDF-BF8B-B83C2F5CFF4E}.Release|iPhoneSimulator.Build.0 = Release|iPhoneSimulator
		{65316042-DA16-4EDF-BF8B-B83C2F5CFF4E}.Release|iPhoneSimulator.Deploy.0 = Release|iPhoneSimulator
		{C9B150E6-A5EF-4212-8F57-23DC83DF2026}.Debug|Any CPU.ActiveCfg = Debug|Any CPU
		{C9B150E6-A5EF-4212-8F57-23DC83DF2026}.Debug|Any CPU.Build.0 = Debug|Any CPU
		{C9B150E6-A5EF-4212-8F57-23DC83DF2026}.Debug|Any CPU.Deploy.0 = Debug|Any CPU
		{C9B150E6-A5EF-4212-8F57-23DC83DF2026}.Debug|iPhone.ActiveCfg = Debug|Any CPU
		{C9B150E6-A5EF-4212-8F57-23DC83DF2026}.Debug|iPhone.Build.0 = Debug|Any CPU
		{C9B150E6-A5EF-4212-8F57-23DC83DF2026}.Debug|iPhone.Deploy.0 = Debug|Any CPU
		{C9B150E6-A5EF-4212-8F57-23DC83DF2026}.Debug|iPhoneSimulator.ActiveCfg = Debug|Any CPU
		{C9B150E6-A5EF-4212-8F57-23DC83DF2026}.Debug|iPhoneSimulator.Build.0 = Debug|Any CPU
		{C9B150E6-A5EF-4212-8F57-23DC83DF2026}.Debug|iPhoneSimulator.Deploy.0 = Debug|Any CPU
		{C9B150E6-A5EF-4212-8F57-23DC83DF2026}.Release|Any CPU.ActiveCfg = Release|Any CPU
		{C9B150E6-A5EF-4212-8F57-23DC83DF2026}.Release|Any CPU.Build.0 = Release|Any CPU
		{C9B150E6-A5EF-4212-8F57-23DC83DF2026}.Release|Any CPU.Deploy.0 = Release|Any CPU
		{C9B150E6-A5EF-4212-8F57-23DC83DF2026}.Release|iPhone.ActiveCfg = Release|Any CPU
		{C9B150E6-A5EF-4212-8F57-23DC83DF2026}.Release|iPhone.Build.0 = Release|Any CPU
		{C9B150E6-A5EF-4212-8F57-23DC83DF2026}.Release|iPhone.Deploy.0 = Release|Any CPU
		{C9B150E6-A5EF-4212-8F57-23DC83DF2026}.Release|iPhoneSimulator.ActiveCfg = Release|Any CPU
		{C9B150E6-A5EF-4212-8F57-23DC83DF2026}.Release|iPhoneSimulator.Build.0 = Release|Any CPU
		{C9B150E6-A5EF-4212-8F57-23DC83DF2026}.Release|iPhoneSimulator.Deploy.0 = Release|Any CPU
	EndGlobalSection
	GlobalSection(SolutionProperties) = preSolution
		HideSolutionNode = FALSE
	EndGlobalSection
	GlobalSection(ExtensibilityGlobals) = postSolution
		SolutionGuid = {E0F3DA5C-5646-4668-928A-0A48F41F0C88}
	EndGlobalSection
EndGlobal
